Microsoft Visual Studio Solution File, Format Version 12.00
# Visual Studio Version 17
VisualStudioVersion = 17.5.2.0
MinimumVisualStudioVersion = 10.0.40219.1
Project("{FAE04EC0-301F-11D3-BF4B-00C04F79EFBC}") = "IfsahApp", "IfsahApp.csproj", "{0BDC93AE-F25D-FDE4-3A31-169A01EF9926}"
EndProject
Global
	GlobalSection(SolutionConfigurationPlatforms) = preSolution
		Debug|Any CPU = Debug|Any CPU
		Release|Any CPU = Release|Any CPU
	EndGlobalSection
	GlobalSection(ProjectConfigurationPlatforms) = postSolution
		{0BDC93AE-F25D-FDE4-3A31-169A01EF9926}.Debug|Any CPU.ActiveCfg = Debug|Any CPU
		{0BDC93AE-F25D-FDE4-3A31-169A01EF9926}.Debug|Any CPU.Build.0 = Debug|Any CPU
		{0BDC93AE-F25D-FDE4-3A31-169A01EF9926}.Release|Any CPU.ActiveCfg = Release|Any CPU
		{0BDC93AE-F25D-FDE4-3A31-169A01EF9926}.Release|Any CPU.Build.0 = Release|Any CPU
	EndGlobalSection
	GlobalSection(SolutionProperties) = preSolution
		HideSolutionNode = FALSE
	EndGlobalSection
	GlobalSection(ExtensibilityGlobals) = postSolution
		SolutionGuid = {18FBFBCE-2556-4978-8182-FD418C6238DA}
	EndGlobalSection
EndGlobal
